// !$*UTF8*$!
{
	archiveVersion = 1;
	classes = {
	};
	objectVersion = 56;
	objects = {

/* Begin PBXBuildFile section */
		DDD770132ACE766100C4081F /* main.cpp in Sources */ = {isa = PBXBuildFile; fileRef = DDD770122ACE766100C4081F /* main.cpp */; };
/* End PBXBuildFile section */

/* Begin PBXCopyFilesBuildPhase section */
		DDD7700D2ACE766100C4081F /* CopyFiles */ = {
			isa = PBXCopyFilesBuildPhase;
			buildActionMask = 2147483647;
			dstPath = /usr/share/man/man1/;
			dstSubfolderSpec = 0;
			files = (
			);
			runOnlyForDeploymentPostprocessing = 1;
		};
/* End PBXCopyFilesBuildPhase section */

/* Begin PBXFileReference section */
		DDD7700F2ACE766100C4081F /* HuffmanEncodingChallenge */ = {isa = PBXFileReference; explicitFileType = "compiled.mach-o.executable"; includeInIndex = 0; path = HuffmanEncodingChallenge; sourceTree = BUILT_PRODUCTS_DIR; };
		DDD770122ACE766100C4081F /* main.cpp */ = {isa = PBXFileReference; lastKnownFileType = sourcecode.cpp.cpp; path = main.cpp; sourceTree = "<group>"; };
		DDD7701E2ACEF3E900C4081F /* binaryTreeNode.h */ = {isa = PBXFileReference; lastKnownFileType = sourcecode.c.h; path = binaryTreeNode.h; sourceTree = "<group>"; };
		DDD7701F2ACEF40400C4081F /* binaryTree.h */ = {isa = PBXFileReference; lastKnownFileType = sourcecode.c.h; path = binaryTree.h; sourceTree = "<group>"; };
		DDD770202ACEF49100C4081F /* linkedListNode.h */ = {isa = PBXFileReference; lastKnownFileType = sourcecode.c.h; path = linkedListNode.h; sourceTree = "<group>"; };
		DDD770212ACEF4A300C4081F /* sortedLinkedList.h */ = {isa = PBXFileReference; lastKnownFileType = sourcecode.c.h; path = sortedLinkedList.h; sourceTree = "<group>"; };
/* End PBXFileReference section */

/* Begin PBXFrameworksBuildPhase section */
		DDD7700C2ACE766100C4081F /* Frameworks */ = {
			isa = PBXFrameworksBuildPhase;
			buildActionMask = 2147483647;
			files = (
			);
			runOnlyForDeploymentPostprocessing = 0;
		};
/* End PBXFrameworksBuildPhase section */

/* Begin PBXGroup section */
		DDD770062ACE766100C4081F = {
			isa = PBXGroup;
			children = (
				DDD770112ACE766100C4081F /* HuffmanEncodingChallenge */,
				DDD770102ACE766100C4081F /* Products */,
			);
			sourceTree = "<group>";
		};
		DDD770102ACE766100C4081F /* Products */ = {
			isa = PBXGroup;
			children = (
				DDD7700F2ACE766100C4081F /* HuffmanEncodingChallenge */,
			);
			name = Products;
			sourceTree = "<group>";
		};
		DDD770112ACE766100C4081F /* HuffmanEncodingChallenge */ = {
			isa = PBXGroup;
			children = (
				DDD7701B2ACEF36500C4081F /* cpp */,
				DDD770122ACE766100C4081F /* main.cpp */,
				DDD770192ACEF34500C4081F /* h */,
			);
			path = HuffmanEncodingChallenge;
			sourceTree = "<group>";
		};
		DDD770192ACEF34500C4081F /* h */ = {
			isa = PBXGroup;
			children = (
				DDD7701C2ACEF37600C4081F /* data_struct */,
			);
			path = h;
			sourceTree = "<group>";
		};
		DDD7701B2ACEF36500C4081F /* cpp */ = {
			isa = PBXGroup;
			children = (
				DDD7701D2ACEF3A000C4081F /* data_struct */,
			);
			path = cpp;
			sourceTree = "<group>";
		};
		DDD7701C2ACEF37600C4081F /* data_struct */ = {
			isa = PBXGroup;
			children = (
				DDD7701E2ACEF3E900C4081F /* binaryTreeNode.h */,
				DDD7701F2ACEF40400C4081F /* binaryTree.h */,
				DDD770202ACEF49100C4081F /* linkedListNode.h */,
				DDD770212ACEF4A300C4081F /* sortedLinkedList.h */,
			);
			path = data_struct;
			sourceTree = "<group>";
		};
		DDD7701D2ACEF3A000C4081F /* data_struct */ = {
			isa = PBXGroup;
			children = (
			);
			path = data_struct;
			sourceTree = "<group>";
		};
/* End PBXGroup section */

/* Begin PBXNativeTarget section */
		DDD7700E2ACE766100C4081F /* HuffmanEncodingChallenge */ = {
			isa = PBXNativeTarget;
			buildConfigurationList = DDD770162ACE766100C4081F /* Build configuration list for PBXNativeTarget "HuffmanEncodingChallenge" */;
			buildPhases = (
				DDD7700B2ACE766100C4081F /* Sources */,
				DDD7700C2ACE766100C4081F /* Frameworks */,
				DDD7700D2ACE766100C4081F /* CopyFiles */,
			);
			buildRules = (
			);
			dependencies = (
			);
			name = HuffmanEncodingChallenge;
			productName = HuffmanEncodingChallenge;
			productReference = DDD7700F2ACE766100C4081F /* HuffmanEncodingChallenge */;
			productType = "com.apple.product-type.tool";
		};
/* End PBXNativeTarget section */

/* Begin PBXProject section */
		DDD770072ACE766100C4081F /* Project object */ = {
			isa = PBXProject;
			attributes = {
				BuildIndependentTargetsInParallel = 1;
				LastUpgradeCheck = 1410;
				TargetAttributes = {
					DDD7700E2ACE766100C4081F = {
						CreatedOnToolsVersion = 14.1;
					};
				};
			};
			buildConfigurationList = DDD7700A2ACE766100C4081F /* Build configuration list for PBXProject "HuffmanEncodingChallenge" */;
			compatibilityVersion = "Xcode 14.0";
			developmentRegion = en;
			hasScannedForEncodings = 0;
			knownRegions = (
				en,
				Base,
			);
			mainGroup = DDD770062ACE766100C4081F;
			productRefGroup = DDD770102ACE766100C4081F /* Products */;
			projectDirPath = "";
			projectRoot = "";
			targets = (
				DDD7700E2ACE766100C4081F /* HuffmanEncodingChallenge */,
			);
		};
/* End PBXProject section */

/* Begin PBXSourcesBuildPhase section */
		DDD7700B2ACE766100C4081F /* Sources */ = {
			isa = PBXSourcesBuildPhase;
			buildActionMask = 2147483647;
			files = (
				DDD770132ACE766100C4081F /* main.cpp in Sources */,
			);
			runOnlyForDeploymentPostprocessing = 0;
		};
/* End PBXSourcesBuildPhase section */

/* Begin XCBuildConfiguration section */
		DDD770142ACE766100C4081F /* Debug */ = {
			isa = XCBuildConfiguration;
			buildSettings = {
				ALWAYS_SEARCH_USER_PATHS = NO;
				CLANG_ANALYZER_NONNULL = YES;
				CLANG_ANALYZER_NUMBER_OBJECT_CONVERSION = YES_AGGRESSIVE;
				CLANG_CXX_LANGUAGE_STANDARD = "gnu++20";
				CLANG_ENABLE_MODULES = YES;
				CLANG_ENABLE_OBJC_ARC = YES;
				CLANG_ENABLE_OBJC_WEAK = YES;
				CLANG_WARN_BLOCK_CAPTURE_AUTORELEASING = YES;
				CLANG_WARN_BOOL_CONVERSION = YES;
				CLANG_WARN_COMMA = YES;
				CLANG_WARN_CONSTANT_CONVERSION = YES;
				CLANG_WARN_DEPRECATED_OBJC_IMPLEMENTATIONS = YES;
				CLANG_WARN_DIRECT_OBJC_ISA_USAGE = YES_ERROR;
				CLANG_WARN_DOCUMENTATION_COMMENTS = YES;
				CLANG_WARN_EMPTY_BODY = YES;
				CLANG_WARN_ENUM_CONVERSION = YES;
				CLANG_WARN_INFINITE_RECURSION = YES;
				CLANG_WARN_INT_CONVERSION = YES;
				CLANG_WARN_NON_LITERAL_NULL_CONVERSION = YES;
				CLANG_WARN_OBJC_IMPLICIT_RETAIN_SELF = YES;
				CLANG_WARN_OBJC_LITERAL_CONVERSION = YES;
				CLANG_WARN_OBJC_ROOT_CLASS = YES_ERROR;
				CLANG_WARN_QUOTED_INCLUDE_IN_FRAMEWORK_HEADER = YES;
				CLANG_WARN_RANGE_LOOP_ANALYSIS = YES;
				CLANG_WARN_STRICT_PROTOTYPES = YES;
				CLANG_WARN_SUSPICIOUS_MOVE = YES;
				CLANG_WARN_UNGUARDED_AVAILABILITY = YES_AGGRESSIVE;
				CLANG_WARN_UNREACHABLE_CODE = YES;
				CLANG_WARN__DUPLICATE_METHOD_MATCH = YES;
				COPY_PHASE_STRIP = NO;
				DEBUG_INFORMATION_FORMAT = dwarf;
				ENABLE_STRICT_OBJC_MSGSEND = YES;
				ENABLE_TESTABILITY = YES;
				GCC_C_LANGUAGE_STANDARD = gnu11;
				GCC_DYNAMIC_NO_PIC = NO;
				GCC_NO_COMMON_BLOCKS = YES;
				GCC_OPTIMIZATION_LEVEL = 0;
				GCC_PREPROCESSOR_DEFINITIONS = (
					"DEBUG=1",
					"$(inherited)",
				);
				GCC_WARN_64_TO_32_BIT_CONVERSION = YES;
				GCC_WARN_ABOUT_RETURN_TYPE = YES_ERROR;
				GCC_WARN_UNDECLARED_SELECTOR = YES;
				GCC_WARN_UNINITIALIZED_AUTOS = YES_AGGRESSIVE;
				GCC_WARN_UNUSED_FUNCTION = YES;
				GCC_WARN_UNUSED_VARIABLE = YES;
				MACOSX_DEPLOYMENT_TARGET = 13.0;
				MTL_ENABLE_DEBUG_INFO = INCLUDE_SOURCE;
				MTL_FAST_MATH = YES;
				ONLY_ACTIVE_ARCH = YES;
				SDKROOT = macosx;
			};
			name = Debug;
		};
		DDD770152ACE766100C4081F /* Release */ = {
			isa = XCBuildConfiguration;
			buildSettings = {
				ALWAYS_SEARCH_USER_PATHS = NO;
				CLANG_ANALYZER_NONNULL = YES;
				CLANG_ANALYZER_NUMBER_OBJECT_CONVERSION = YES_AGGRESSIVE;
				CLANG_CXX_LANGUAGE_STANDARD = "gnu++20";
				CLANG_ENABLE_MODULES = YES;
				CLANG_ENABLE_OBJC_ARC = YES;
				CLANG_ENABLE_OBJC_WEAK = YES;
				CLANG_WARN_BLOCK_CAPTURE_AUTORELEASING = YES;
				CLANG_WARN_BOOL_CONVERSION = YES;
				CLANG_WARN_COMMA = YES;
				CLANG_WARN_CONSTANT_CONVERSION = YES;
				CLANG_WARN_DEPRECATED_OBJC_IMPLEMENTATIONS = YES;
				CLANG_WARN_DIRECT_OBJC_ISA_USAGE = YES_ERROR;
				CLANG_WARN_DOCUMENTATION_COMMENTS = YES;
				CLANG_WARN_EMPTY_BODY = YES;
				CLANG_WARN_ENUM_CONVERSION = YES;
				CLANG_WARN_INFINITE_RECURSION = YES;
				CLANG_WARN_INT_CONVERSION = YES;
				CLANG_WARN_NON_LITERAL_NULL_CONVERSION = YES;
				CLANG_WARN_OBJC_IMPLICIT_RETAIN_SELF = YES;
				CLANG_WARN_OBJC_LITERAL_CONVERSION = YES;
				CLANG_WARN_OBJC_ROOT_CLASS = YES_ERROR;
				CLANG_WARN_QUOTED_INCLUDE_IN_FRAMEWORK_HEADER = YES;
				CLANG_WARN_RANGE_LOOP_ANALYSIS = YES;
				CLANG_WARN_STRICT_PROTOTYPES = YES;
				CLANG_WARN_SUSPICIOUS_MOVE = YES;
				CLANG_WARN_UNGUARDED_AVAILABILITY = YES_AGGRESSIVE;
				CLANG_WARN_UNREACHABLE_CODE = YES;
				CLANG_WARN__DUPLICATE_METHOD_MATCH = YES;
				COPY_PHASE_STRIP = NO;
				DEBUG_INFORMATION_FORMAT = "dwarf-with-dsym";
				ENABLE_NS_ASSERTIONS = NO;
				ENABLE_STRICT_OBJC_MSGSEND = YES;
				GCC_C_LANGUAGE_STANDARD = gnu11;
				GCC_NO_COMMON_BLOCKS = YES;
				GCC_WARN_64_TO_32_BIT_CONVERSION = YES;
				GCC_WARN_ABOUT_RETURN_TYPE = YES_ERROR;
				GCC_WARN_UNDECLARED_SELECTOR = YES;
				GCC_WARN_UNINITIALIZED_AUTOS = YES_AGGRESSIVE;
				GCC_WARN_UNUSED_FUNCTION = YES;
				GCC_WARN_UNUSED_VARIABLE = YES;
				MACOSX_DEPLOYMENT_TARGET = 13.0;
				MTL_ENABLE_DEBUG_INFO = NO;
				MTL_FAST_MATH = YES;
				SDKROOT = macosx;
			};
			name = Release;
		};
		DDD770172ACE766100C4081F /* Debug */ = {
			isa = XCBuildConfiguration;
			buildSettings = {
				CODE_SIGN_STYLE = Automatic;
				PRODUCT_NAME = "$(TARGET_NAME)";
			};
			name = Debug;
		};
		DDD770182ACE766100C4081F /* Release */ = {
			isa = XCBuildConfiguration;
			buildSettings = {
				CODE_SIGN_STYLE = Automatic;
				PRODUCT_NAME = "$(TARGET_NAME)";
			};
			name = Release;
		};
/* End XCBuildConfiguration section */

/* Begin XCConfigurationList section */
		DDD7700A2ACE766100C4081F /* Build configuration list for PBXProject "HuffmanEncodingChallenge" */ = {
			isa = XCConfigurationList;
			buildConfigurations = (
				DDD770142ACE766100C4081F /* Debug */,
				DDD770152ACE766100C4081F /* Release */,
			);
			defaultConfigurationIsVisible = 0;
			defaultConfigurationName = Release;
		};
		DDD770162ACE766100C4081F /* Build configuration list for PBXNativeTarget "HuffmanEncodingChallenge" */ = {
			isa = XCConfigurationList;
			buildConfigurations = (
				DDD770172ACE766100C4081F /* Debug */,
				DDD770182ACE766100C4081F /* Release */,
			);
			defaultConfigurationIsVisible = 0;
			defaultConfigurationName = Release;
		};
/* End XCConfigurationList section */
	};
	rootObject = DDD770072ACE766100C4081F /* Project object */;
}
